// !$*UTF8*$!
{
	archiveVersion = 1;
	classes = {
	};
	objectVersion = 51;
	objects = {

/* Begin PBXBuildFile section */
		352BC552370A584749465F78 /* Pods_Mano_Driver.framework in Frameworks */ = {isa = PBXBuildFile; fileRef = 77033788A5EA114CF4BCE9E8 /* Pods_Mano_Driver.framework */; };
		D596E5562354EDA600FBDEDF /* CarInfoViewController.swift in Sources */ = {isa = PBXBuildFile; fileRef = D596E5552354EDA600FBDEDF /* CarInfoViewController.swift */; };
		D5BA5640234FA8D900548924 /* AppDelegate.swift in Sources */ = {isa = PBXBuildFile; fileRef = D5BA563F234FA8D900548924 /* AppDelegate.swift */; };
		D5BA5642234FA8D900548924 /* SceneDelegate.swift in Sources */ = {isa = PBXBuildFile; fileRef = D5BA5641234FA8D900548924 /* SceneDelegate.swift */; };
		D5BA5647234FA8D900548924 /* Main.storyboard in Resources */ = {isa = PBXBuildFile; fileRef = D5BA5645234FA8D900548924 /* Main.storyboard */; };
		D5BA5649234FA8DB00548924 /* Assets.xcassets in Resources */ = {isa = PBXBuildFile; fileRef = D5BA5648234FA8DB00548924 /* Assets.xcassets */; };
		D5BA564C234FA8DB00548924 /* LaunchScreen.storyboard in Resources */ = {isa = PBXBuildFile; fileRef = D5BA564A234FA8DB00548924 /* LaunchScreen.storyboard */; };
		D5BA5656234FAB9700548924 /* AvailableRides.swift in Sources */ = {isa = PBXBuildFile; fileRef = D5BA5655234FAB9700548924 /* AvailableRides.swift */; };
		D5BA5658234FACA600548924 /* LocationManager.swift in Sources */ = {isa = PBXBuildFile; fileRef = D5BA5657234FACA600548924 /* LocationManager.swift */; };
		D5BA565A234FAE2000548924 /* APIClient.swift in Sources */ = {isa = PBXBuildFile; fileRef = D5BA5659234FAE2000548924 /* APIClient.swift */; };
		D5BA565C234FB9A600548924 /* Login+Create+Storyboard.storyboard in Resources */ = {isa = PBXBuildFile; fileRef = D5BA565B234FB9A600548924 /* Login+Create+Storyboard.storyboard */; };
		D5BA565F234FB9DF00548924 /* LoginViewController.swift in Sources */ = {isa = PBXBuildFile; fileRef = D5BA565D234FB9DB00548924 /* LoginViewController.swift */; };
		D5BA5660234FB9DF00548924 /* CreateAccountViewController.swift in Sources */ = {isa = PBXBuildFile; fileRef = D5BA565E234FB9DF00548924 /* CreateAccountViewController.swift */; };
		D5BA5663234FBC6800548924 /* ColectionKeys.swift in Sources */ = {isa = PBXBuildFile; fileRef = D5BA5661234FBC6600548924 /* ColectionKeys.swift */; };
		D5BA5664234FBC6800548924 /* DBService+ManoUser.swift in Sources */ = {isa = PBXBuildFile; fileRef = D5BA5662234FBC6800548924 /* DBService+ManoUser.swift */; };
		D5BA5667234FBC8500548924 /* Ride.swift in Sources */ = {isa = PBXBuildFile; fileRef = D5BA5665234FBC8400548924 /* Ride.swift */; };
		D5BA5668234FBC8500548924 /* ManoUser.swift in Sources */ = {isa = PBXBuildFile; fileRef = D5BA5666234FBC8500548924 /* ManoUser.swift */; };
		D5BA566A234FBCB900548924 /* StorageService.swift in Sources */ = {isa = PBXBuildFile; fileRef = D5BA5669234FBCB900548924 /* StorageService.swift */; };
		D5BA566D234FBCC600548924 /* DBService.swift in Sources */ = {isa = PBXBuildFile; fileRef = D5BA566B234FBCC300548924 /* DBService.swift */; };
		D5BA566E234FBCC600548924 /* DBService+Ride.swift in Sources */ = {isa = PBXBuildFile; fileRef = D5BA566C234FBCC500548924 /* DBService+Ride.swift */; };
		D5BA5672234FBD0D00548924 /* ViewController+Alert.swift in Sources */ = {isa = PBXBuildFile; fileRef = D5BA566F234FBD0A00548924 /* ViewController+Alert.swift */; };
		D5BA5673234FBD0D00548924 /* Date+Extension.swift in Sources */ = {isa = PBXBuildFile; fileRef = D5BA5670234FBD0B00548924 /* Date+Extension.swift */; };
		D5BA5674234FBD0D00548924 /* String+Extension.swift in Sources */ = {isa = PBXBuildFile; fileRef = D5BA5671234FBD0D00548924 /* String+Extension.swift */; };
		D5BA5678234FBE1C00548924 /* MapsHelper.swift in Sources */ = {isa = PBXBuildFile; fileRef = D5BA5677234FBE1C00548924 /* MapsHelper.swift */; };
		D5BA567A2354D2C800548924 /* AuthService.swift in Sources */ = {isa = PBXBuildFile; fileRef = D5BA56792354D2C800548924 /* AuthService.swift */; };
		D5BA567C2354D31400548924 /* IBDesignableViews.swift in Sources */ = {isa = PBXBuildFile; fileRef = D5BA567B2354D31400548924 /* IBDesignableViews.swift */; };
		D5BA567E2354D6EB00548924 /* GoogleService-Info.plist in Resources */ = {isa = PBXBuildFile; fileRef = D5BA567D2354D6EB00548924 /* GoogleService-Info.plist */; };
/* End PBXBuildFile section */

/* Begin PBXFileReference section */
		77033788A5EA114CF4BCE9E8 /* Pods_Mano_Driver.framework */ = {isa = PBXFileReference; explicitFileType = wrapper.framework; includeInIndex = 0; path = Pods_Mano_Driver.framework; sourceTree = BUILT_PRODUCTS_DIR; };
		C5CA5D70EA7987F929AF6320 /* Pods-Mano-Driver.debug.xcconfig */ = {isa = PBXFileReference; includeInIndex = 1; lastKnownFileType = text.xcconfig; name = "Pods-Mano-Driver.debug.xcconfig"; path = "Target Support Files/Pods-Mano-Driver/Pods-Mano-Driver.debug.xcconfig"; sourceTree = "<group>"; };
		D596E5552354EDA600FBDEDF /* CarInfoViewController.swift */ = {isa = PBXFileReference; lastKnownFileType = sourcecode.swift; path = CarInfoViewController.swift; sourceTree = "<group>"; };
		D5BA563C234FA8D900548924 /* Mano-Driver.app */ = {isa = PBXFileReference; explicitFileType = wrapper.application; includeInIndex = 0; path = "Mano-Driver.app"; sourceTree = BUILT_PRODUCTS_DIR; };
		D5BA563F234FA8D900548924 /* AppDelegate.swift */ = {isa = PBXFileReference; lastKnownFileType = sourcecode.swift; path = AppDelegate.swift; sourceTree = "<group>"; };
		D5BA5641234FA8D900548924 /* SceneDelegate.swift */ = {isa = PBXFileReference; lastKnownFileType = sourcecode.swift; path = SceneDelegate.swift; sourceTree = "<group>"; };
		D5BA5646234FA8D900548924 /* Base */ = {isa = PBXFileReference; lastKnownFileType = file.storyboard; name = Base; path = Base.lproj/Main.storyboard; sourceTree = "<group>"; };
		D5BA5648234FA8DB00548924 /* Assets.xcassets */ = {isa = PBXFileReference; lastKnownFileType = folder.assetcatalog; path = Assets.xcassets; sourceTree = "<group>"; };
		D5BA564B234FA8DB00548924 /* Base */ = {isa = PBXFileReference; lastKnownFileType = file.storyboard; name = Base; path = Base.lproj/LaunchScreen.storyboard; sourceTree = "<group>"; };
		D5BA564D234FA8DB00548924 /* Info.plist */ = {isa = PBXFileReference; lastKnownFileType = text.plist.xml; path = Info.plist; sourceTree = "<group>"; };
		D5BA5655234FAB9700548924 /* AvailableRides.swift */ = {isa = PBXFileReference; lastKnownFileType = sourcecode.swift; name = AvailableRides.swift; path = "/Users/leandrowauters/Documents/XcodeProjects/Mano-Driver/Mano-Driver/AvailableRides.swift"; sourceTree = "<absolute>"; };
		D5BA5657234FACA600548924 /* LocationManager.swift */ = {isa = PBXFileReference; lastKnownFileType = sourcecode.swift; path = LocationManager.swift; sourceTree = "<group>"; };
		D5BA5659234FAE2000548924 /* APIClient.swift */ = {isa = PBXFileReference; lastKnownFileType = sourcecode.swift; path = APIClient.swift; sourceTree = "<group>"; };
		D5BA565B234FB9A600548924 /* Login+Create+Storyboard.storyboard */ = {isa = PBXFileReference; fileEncoding = 4; lastKnownFileType = file.storyboard; path = "Login+Create+Storyboard.storyboard"; sourceTree = "<group>"; };
		D5BA565D234FB9DB00548924 /* LoginViewController.swift */ = {isa = PBXFileReference; fileEncoding = 4; lastKnownFileType = sourcecode.swift; path = LoginViewController.swift; sourceTree = "<group>"; };
		D5BA565E234FB9DF00548924 /* CreateAccountViewController.swift */ = {isa = PBXFileReference; fileEncoding = 4; lastKnownFileType = sourcecode.swift; path = CreateAccountViewController.swift; sourceTree = "<group>"; };
		D5BA5661234FBC6600548924 /* ColectionKeys.swift */ = {isa = PBXFileReference; fileEncoding = 4; lastKnownFileType = sourcecode.swift; path = ColectionKeys.swift; sourceTree = "<group>"; };
		D5BA5662234FBC6800548924 /* DBService+ManoUser.swift */ = {isa = PBXFileReference; fileEncoding = 4; lastKnownFileType = sourcecode.swift; path = "DBService+ManoUser.swift"; sourceTree = "<group>"; };
		D5BA5665234FBC8400548924 /* Ride.swift */ = {isa = PBXFileReference; fileEncoding = 4; lastKnownFileType = sourcecode.swift; path = Ride.swift; sourceTree = "<group>"; };
		D5BA5666234FBC8500548924 /* ManoUser.swift */ = {isa = PBXFileReference; fileEncoding = 4; lastKnownFileType = sourcecode.swift; path = ManoUser.swift; sourceTree = "<group>"; };
		D5BA5669234FBCB900548924 /* StorageService.swift */ = {isa = PBXFileReference; fileEncoding = 4; lastKnownFileType = sourcecode.swift; path = StorageService.swift; sourceTree = "<group>"; };
		D5BA566B234FBCC300548924 /* DBService.swift */ = {isa = PBXFileReference; fileEncoding = 4; lastKnownFileType = sourcecode.swift; path = DBService.swift; sourceTree = "<group>"; };
		D5BA566C234FBCC500548924 /* DBService+Ride.swift */ = {isa = PBXFileReference; fileEncoding = 4; lastKnownFileType = sourcecode.swift; path = "DBService+Ride.swift"; sourceTree = "<group>"; };
		D5BA566F234FBD0A00548924 /* ViewController+Alert.swift */ = {isa = PBXFileReference; fileEncoding = 4; lastKnownFileType = sourcecode.swift; path = "ViewController+Alert.swift"; sourceTree = "<group>"; };
		D5BA5670234FBD0B00548924 /* Date+Extension.swift */ = {isa = PBXFileReference; fileEncoding = 4; lastKnownFileType = sourcecode.swift; path = "Date+Extension.swift"; sourceTree = "<group>"; };
		D5BA5671234FBD0D00548924 /* String+Extension.swift */ = {isa = PBXFileReference; fileEncoding = 4; lastKnownFileType = sourcecode.swift; path = "String+Extension.swift"; sourceTree = "<group>"; };
		D5BA5677234FBE1C00548924 /* MapsHelper.swift */ = {isa = PBXFileReference; fileEncoding = 4; lastKnownFileType = sourcecode.swift; path = MapsHelper.swift; sourceTree = "<group>"; };
		D5BA56792354D2C800548924 /* AuthService.swift */ = {isa = PBXFileReference; fileEncoding = 4; lastKnownFileType = sourcecode.swift; path = AuthService.swift; sourceTree = "<group>"; };
		D5BA567B2354D31400548924 /* IBDesignableViews.swift */ = {isa = PBXFileReference; fileEncoding = 4; lastKnownFileType = sourcecode.swift; path = IBDesignableViews.swift; sourceTree = "<group>"; };
		D5BA567D2354D6EB00548924 /* GoogleService-Info.plist */ = {isa = PBXFileReference; fileEncoding = 4; lastKnownFileType = text.plist.xml; path = "GoogleService-Info.plist"; sourceTree = "<group>"; };
		F7BAB7CF36AE24F55B6CCDF9 /* Pods-Mano-Driver.release.xcconfig */ = {isa = PBXFileReference; includeInIndex = 1; lastKnownFileType = text.xcconfig; name = "Pods-Mano-Driver.release.xcconfig"; path = "Target Support Files/Pods-Mano-Driver/Pods-Mano-Driver.release.xcconfig"; sourceTree = "<group>"; };
/* End PBXFileReference section */

/* Begin PBXFrameworksBuildPhase section */
		D5BA5639234FA8D900548924 /* Frameworks */ = {
			isa = PBXFrameworksBuildPhase;
			buildActionMask = 2147483647;
			files = (
				352BC552370A584749465F78 /* Pods_Mano_Driver.framework in Frameworks */,
			);
			runOnlyForDeploymentPostprocessing = 0;
		};
/* End PBXFrameworksBuildPhase section */

/* Begin PBXGroup section */
		17DF7817B411D6EA18A30907 /* Pods */ = {
			isa = PBXGroup;
			children = (
				C5CA5D70EA7987F929AF6320 /* Pods-Mano-Driver.debug.xcconfig */,
				F7BAB7CF36AE24F55B6CCDF9 /* Pods-Mano-Driver.release.xcconfig */,
			);
			path = Pods;
			sourceTree = "<group>";
		};
		6622B2E9C0028E6E7C1B8489 /* Frameworks */ = {
			isa = PBXGroup;
			children = (
				77033788A5EA114CF4BCE9E8 /* Pods_Mano_Driver.framework */,
			);
			name = Frameworks;
			sourceTree = "<group>";
		};
		D5BA5633234FA8D900548924 = {
			isa = PBXGroup;
			children = (
				D5BA563E234FA8D900548924 /* Mano-Driver */,
				D5BA563D234FA8D900548924 /* Products */,
				17DF7817B411D6EA18A30907 /* Pods */,
				6622B2E9C0028E6E7C1B8489 /* Frameworks */,
			);
			sourceTree = "<group>";
		};
		D5BA563D234FA8D900548924 /* Products */ = {
			isa = PBXGroup;
			children = (
				D5BA563C234FA8D900548924 /* Mano-Driver.app */,
			);
			name = Products;
			sourceTree = "<group>";
		};
		D5BA563E234FA8D900548924 /* Mano-Driver */ = {
			isa = PBXGroup;
			children = (
				D5BA564D234FA8DB00548924 /* Info.plist */,
				D5BA567F2354E8BB00548924 /* app.settings */,
				D5BA56802354E8E900548924 /* Controllers */,
				D5BA56812354E8FF00548924 /* Storyboards */,
				D5BA56822354E91600548924 /* Helpers */,
				D5BA56832354E97100548924 /* Firebase_Helpers */,
				D5BA56842354E99100548924 /* Model */,
				D5BA56852354E99E00548924 /* Extensions */,
				D5BA567B2354D31400548924 /* IBDesignableViews.swift */,
				D5BA5648234FA8DB00548924 /* Assets.xcassets */,
				D5BA564A234FA8DB00548924 /* LaunchScreen.storyboard */,
			);
			path = "Mano-Driver";
			sourceTree = "<group>";
		};
		D5BA567F2354E8BB00548924 /* app.settings */ = {
			isa = PBXGroup;
			children = (
				D5BA567D2354D6EB00548924 /* GoogleService-Info.plist */,
				D5BA563F234FA8D900548924 /* AppDelegate.swift */,
				D5BA5641234FA8D900548924 /* SceneDelegate.swift */,
			);
			path = app.settings;
			sourceTree = "<group>";
		};
		D5BA56802354E8E900548924 /* Controllers */ = {
			isa = PBXGroup;
			children = (
				D5BA5655234FAB9700548924 /* AvailableRides.swift */,
				D5BA565E234FB9DF00548924 /* CreateAccountViewController.swift */,
				D5BA565D234FB9DB00548924 /* LoginViewController.swift */,
				D596E5552354EDA600FBDEDF /* CarInfoViewController.swift */,
			);
			path = Controllers;
			sourceTree = "<group>";
		};
		D5BA56812354E8FF00548924 /* Storyboards */ = {
			isa = PBXGroup;
			children = (
				D5BA565B234FB9A600548924 /* Login+Create+Storyboard.storyboard */,
				D5BA5645234FA8D900548924 /* Main.storyboard */,
			);
			path = Storyboards;
			sourceTree = "<group>";
		};
		D5BA56822354E91600548924 /* Helpers */ = {
			isa = PBXGroup;
			children = (
				D5BA5659234FAE2000548924 /* APIClient.swift */,
				D5BA5677234FBE1C00548924 /* MapsHelper.swift */,
				D5BA5657234FACA600548924 /* LocationManager.swift */,
				D5BA5661234FBC6600548924 /* ColectionKeys.swift */,
			);
			path = Helpers;
			sourceTree = "<group>";
		};
		D5BA56832354E97100548924 /* Firebase_Helpers */ = {
			isa = PBXGroup;
			children = (
				D5BA5662234FBC6800548924 /* DBService+ManoUser.swift */,
				D5BA566C234FBCC500548924 /* DBService+Ride.swift */,
				D5BA5669234FBCB900548924 /* StorageService.swift */,
				D5BA566B234FBCC300548924 /* DBService.swift */,
				D5BA56792354D2C800548924 /* AuthService.swift */,
			);
			path = Firebase_Helpers;
			sourceTree = "<group>";
		};
		D5BA56842354E99100548924 /* Model */ = {
			isa = PBXGroup;
			children = (
				D5BA5666234FBC8500548924 /* ManoUser.swift */,
				D5BA5665234FBC8400548924 /* Ride.swift */,
			);
			path = Model;
			sourceTree = "<group>";
		};
		D5BA56852354E99E00548924 /* Extensions */ = {
			isa = PBXGroup;
			children = (
				D5BA5670234FBD0B00548924 /* Date+Extension.swift */,
				D5BA5671234FBD0D00548924 /* String+Extension.swift */,
				D5BA566F234FBD0A00548924 /* ViewController+Alert.swift */,
			);
			path = Extensions;
			sourceTree = "<group>";
		};
/* End PBXGroup section */

/* Begin PBXNativeTarget section */
		D5BA563B234FA8D900548924 /* Mano-Driver */ = {
			isa = PBXNativeTarget;
			buildConfigurationList = D5BA5650234FA8DB00548924 /* Build configuration list for PBXNativeTarget "Mano-Driver" */;
			buildPhases = (
				63F65438852564614E3A8CEA /* [CP] Check Pods Manifest.lock */,
				D5BA5638234FA8D900548924 /* Sources */,
				D5BA5639234FA8D900548924 /* Frameworks */,
				D5BA563A234FA8D900548924 /* Resources */,
				D90D88266872740E43FC3785 /* [CP] Embed Pods Frameworks */,
				2D1CC1C33275CEBE844D2414 /* [CP] Copy Pods Resources */,
			);
			buildRules = (
			);
			dependencies = (
			);
			name = "Mano-Driver";
			productName = "Mano-Driver";
			productReference = D5BA563C234FA8D900548924 /* Mano-Driver.app */;
			productType = "com.apple.product-type.application";
		};
/* End PBXNativeTarget section */

/* Begin PBXProject section */
		D5BA5634234FA8D900548924 /* Project object */ = {
			isa = PBXProject;
			attributes = {
				LastSwiftUpdateCheck = 1110;
				LastUpgradeCheck = 1110;
				ORGANIZATIONNAME = "Leandro Wauters";
				TargetAttributes = {
					D5BA563B234FA8D900548924 = {
						CreatedOnToolsVersion = 11.1;
					};
				};
			};
			buildConfigurationList = D5BA5637234FA8D900548924 /* Build configuration list for PBXProject "Mano-Driver" */;
			compatibilityVersion = "Xcode 9.3";
			developmentRegion = en;
			hasScannedForEncodings = 0;
			knownRegions = (
				en,
				Base,
			);
			mainGroup = D5BA5633234FA8D900548924;
			productRefGroup = D5BA563D234FA8D900548924 /* Products */;
			projectDirPath = "";
			projectRoot = "";
			targets = (
				D5BA563B234FA8D900548924 /* Mano-Driver */,
			);
		};
/* End PBXProject section */

/* Begin PBXResourcesBuildPhase section */
		D5BA563A234FA8D900548924 /* Resources */ = {
			isa = PBXResourcesBuildPhase;
			buildActionMask = 2147483647;
			files = (
				D5BA564C234FA8DB00548924 /* LaunchScreen.storyboard in Resources */,
				D5BA565C234FB9A600548924 /* Login+Create+Storyboard.storyboard in Resources */,
				D5BA567E2354D6EB00548924 /* GoogleService-Info.plist in Resources */,
				D5BA5649234FA8DB00548924 /* Assets.xcassets in Resources */,
				D5BA5647234FA8D900548924 /* Main.storyboard in Resources */,
			);
			runOnlyForDeploymentPostprocessing = 0;
		};
/* End PBXResourcesBuildPhase section */

/* Begin PBXShellScriptBuildPhase section */
		2D1CC1C33275CEBE844D2414 /* [CP] Copy Pods Resources */ = {
			isa = PBXShellScriptBuildPhase;
			buildActionMask = 2147483647;
			files = (
			);
			inputFileListPaths = (
				"${PODS_ROOT}/Target Support Files/Pods-Mano-Driver/Pods-Mano-Driver-resources-${CONFIGURATION}-input-files.xcfilelist",
			);
			name = "[CP] Copy Pods Resources";
			outputFileListPaths = (
				"${PODS_ROOT}/Target Support Files/Pods-Mano-Driver/Pods-Mano-Driver-resources-${CONFIGURATION}-output-files.xcfilelist",
			);
			runOnlyForDeploymentPostprocessing = 0;
			shellPath = /bin/sh;
			shellScript = "\"${PODS_ROOT}/Target Support Files/Pods-Mano-Driver/Pods-Mano-Driver-resources.sh\"\n";
			showEnvVarsInLog = 0;
		};
		63F65438852564614E3A8CEA /* [CP] Check Pods Manifest.lock */ = {
			isa = PBXShellScriptBuildPhase;
			buildActionMask = 2147483647;
			files = (
			);
			inputFileListPaths = (
			);
			inputPaths = (
				"${PODS_PODFILE_DIR_PATH}/Podfile.lock",
				"${PODS_ROOT}/Manifest.lock",
			);
			name = "[CP] Check Pods Manifest.lock";
			outputFileListPaths = (
			);
			outputPaths = (
				"$(DERIVED_FILE_DIR)/Pods-Mano-Driver-checkManifestLockResult.txt",
			);
			runOnlyForDeploymentPostprocessing = 0;
			shellPath = /bin/sh;
			shellScript = "diff \"${PODS_PODFILE_DIR_PATH}/Podfile.lock\" \"${PODS_ROOT}/Manifest.lock\" > /dev/null\nif [ $? != 0 ] ; then\n    # print error to STDERR\n    echo \"error: The sandbox is not in sync with the Podfile.lock. Run 'pod install' or update your CocoaPods installation.\" >&2\n    exit 1\nfi\n# This output is used by Xcode 'outputs' to avoid re-running this script phase.\necho \"SUCCESS\" > \"${SCRIPT_OUTPUT_FILE_0}\"\n";
			showEnvVarsInLog = 0;
		};
		D90D88266872740E43FC3785 /* [CP] Embed Pods Frameworks */ = {
			isa = PBXShellScriptBuildPhase;
			buildActionMask = 2147483647;
			files = (
			);
			inputFileListPaths = (
				"${PODS_ROOT}/Target Support Files/Pods-Mano-Driver/Pods-Mano-Driver-frameworks-${CONFIGURATION}-input-files.xcfilelist",
			);
			name = "[CP] Embed Pods Frameworks";
			outputFileListPaths = (
				"${PODS_ROOT}/Target Support Files/Pods-Mano-Driver/Pods-Mano-Driver-frameworks-${CONFIGURATION}-output-files.xcfilelist",
			);
			runOnlyForDeploymentPostprocessing = 0;
			shellPath = /bin/sh;
			shellScript = "\"${PODS_ROOT}/Target Support Files/Pods-Mano-Driver/Pods-Mano-Driver-frameworks.sh\"\n";
			showEnvVarsInLog = 0;
		};
/* End PBXShellScriptBuildPhase section */

/* Begin PBXSourcesBuildPhase section */
		D5BA5638234FA8D900548924 /* Sources */ = {
			isa = PBXSourcesBuildPhase;
			buildActionMask = 2147483647;
			files = (
				D5BA5664234FBC6800548924 /* DBService+ManoUser.swift in Sources */,
				D5BA566A234FBCB900548924 /* StorageService.swift in Sources */,
				D5BA5668234FBC8500548924 /* ManoUser.swift in Sources */,
				D5BA566E234FBCC600548924 /* DBService+Ride.swift in Sources */,
				D5BA5660234FB9DF00548924 /* CreateAccountViewController.swift in Sources */,
				D5BA5673234FBD0D00548924 /* Date+Extension.swift in Sources */,
				D5BA567A2354D2C800548924 /* AuthService.swift in Sources */,
				D5BA565F234FB9DF00548924 /* LoginViewController.swift in Sources */,
				D5BA5672234FBD0D00548924 /* ViewController+Alert.swift in Sources */,
				D596E5562354EDA600FBDEDF /* CarInfoViewController.swift in Sources */,
				D5BA5674234FBD0D00548924 /* String+Extension.swift in Sources */,
				D5BA5667234FBC8500548924 /* Ride.swift in Sources */,
				D5BA5663234FBC6800548924 /* ColectionKeys.swift in Sources */,
				D5BA5658234FACA600548924 /* LocationManager.swift in Sources */,
				D5BA567C2354D31400548924 /* IBDesignableViews.swift in Sources */,
				D5BA5640234FA8D900548924 /* AppDelegate.swift in Sources */,
				D5BA566D234FBCC600548924 /* DBService.swift in Sources */,
				D5BA5656234FAB9700548924 /* AvailableRides.swift in Sources */,
				D5BA565A234FAE2000548924 /* APIClient.swift in Sources */,
				D5BA5678234FBE1C00548924 /* MapsHelper.swift in Sources */,
				D5BA5642234FA8D900548924 /* SceneDelegate.swift in Sources */,
			);
			runOnlyForDeploymentPostprocessing = 0;
		};
/* End PBXSourcesBuildPhase section */

/* Begin PBXVariantGroup section */
		D5BA5645234FA8D900548924 /* Main.storyboard */ = {
			isa = PBXVariantGroup;
			children = (
				D5BA5646234FA8D900548924 /* Base */,
			);
			name = Main.storyboard;
			sourceTree = "<group>";
		};
		D5BA564A234FA8DB00548924 /* LaunchScreen.storyboard */ = {
			isa = PBXVariantGroup;
			children = (
				D5BA564B234FA8DB00548924 /* Base */,
			);
			name = LaunchScreen.storyboard;
			sourceTree = "<group>";
		};
/* End PBXVariantGroup section */

/* Begin XCBuildConfiguration section */
		D5BA564E234FA8DB00548924 /* Debug */ = {
			isa = XCBuildConfiguration;
			buildSettings = {
				ALWAYS_SEARCH_USER_PATHS = NO;
				CLANG_ANALYZER_NONNULL = YES;
				CLANG_ANALYZER_NUMBER_OBJECT_CONVERSION = YES_AGGRESSIVE;
				CLANG_CXX_LANGUAGE_STANDARD = "gnu++14";
				CLANG_CXX_LIBRARY = "libc++";
				CLANG_ENABLE_MODULES = YES;
				CLANG_ENABLE_OBJC_ARC = YES;
				CLANG_ENABLE_OBJC_WEAK = YES;
				CLANG_WARN_BLOCK_CAPTURE_AUTORELEASING = YES;
				CLANG_WARN_BOOL_CONVERSION = YES;
				CLANG_WARN_COMMA = YES;
				CLANG_WARN_CONSTANT_CONVERSION = YES;
				CLANG_WARN_DEPRECATED_OBJC_IMPLEMENTATIONS = YES;
				CLANG_WARN_DIRECT_OBJC_ISA_USAGE = YES_ERROR;
				CLANG_WARN_DOCUMENTATION_COMMENTS = YES;
				CLANG_WARN_EMPTY_BODY = YES;
				CLANG_WARN_ENUM_CONVERSION = YES;
				CLANG_WARN_INFINITE_RECURSION = YES;
				CLANG_WARN_INT_CONVERSION = YES;
				CLANG_WARN_NON_LITERAL_NULL_CONVERSION = YES;
				CLANG_WARN_OBJC_IMPLICIT_RETAIN_SELF = YES;
				CLANG_WARN_OBJC_LITERAL_CONVERSION = YES;
				CLANG_WARN_OBJC_ROOT_CLASS = YES_ERROR;
				CLANG_WARN_RANGE_LOOP_ANALYSIS = YES;
				CLANG_WARN_STRICT_PROTOTYPES = YES;
				CLANG_WARN_SUSPICIOUS_MOVE = YES;
				CLANG_WARN_UNGUARDED_AVAILABILITY = YES_AGGRESSIVE;
				CLANG_WARN_UNREACHABLE_CODE = YES;
				CLANG_WARN__DUPLICATE_METHOD_MATCH = YES;
				COPY_PHASE_STRIP = NO;
				DEBUG_INFORMATION_FORMAT = dwarf;
				ENABLE_STRICT_OBJC_MSGSEND = YES;
				ENABLE_TESTABILITY = YES;
				GCC_C_LANGUAGE_STANDARD = gnu11;
				GCC_DYNAMIC_NO_PIC = NO;
				GCC_NO_COMMON_BLOCKS = YES;
				GCC_OPTIMIZATION_LEVEL = 0;
				GCC_PREPROCESSOR_DEFINITIONS = (
					"DEBUG=1",
					"$(inherited)",
				);
				GCC_WARN_64_TO_32_BIT_CONVERSION = YES;
				GCC_WARN_ABOUT_RETURN_TYPE = YES_ERROR;
				GCC_WARN_UNDECLARED_SELECTOR = YES;
				GCC_WARN_UNINITIALIZED_AUTOS = YES_AGGRESSIVE;
				GCC_WARN_UNUSED_FUNCTION = YES;
				GCC_WARN_UNUSED_VARIABLE = YES;
				IPHONEOS_DEPLOYMENT_TARGET = 13.1;
				MTL_ENABLE_DEBUG_INFO = INCLUDE_SOURCE;
				MTL_FAST_MATH = YES;
				ONLY_ACTIVE_ARCH = YES;
				SDKROOT = iphoneos;
				SWIFT_ACTIVE_COMPILATION_CONDITIONS = DEBUG;
				SWIFT_OPTIMIZATION_LEVEL = "-Onone";
			};
			name = Debug;
		};
		D5BA564F234FA8DB00548924 /* Release */ = {
			isa = XCBuildConfiguration;
			buildSettings = {
				ALWAYS_SEARCH_USER_PATHS = NO;
				CLANG_ANALYZER_NONNULL = YES;
				CLANG_ANALYZER_NUMBER_OBJECT_CONVERSION = YES_AGGRESSIVE;
				CLANG_CXX_LANGUAGE_STANDARD = "gnu++14";
				CLANG_CXX_LIBRARY = "libc++";
				CLANG_ENABLE_MODULES = YES;
				CLANG_ENABLE_OBJC_ARC = YES;
				CLANG_ENABLE_OBJC_WEAK = YES;
				CLANG_WARN_BLOCK_CAPTURE_AUTORELEASING = YES;
				CLANG_WARN_BOOL_CONVERSION = YES;
				CLANG_WARN_COMMA = YES;
				CLANG_WARN_CONSTANT_CONVERSION = YES;
				CLANG_WARN_DEPRECATED_OBJC_IMPLEMENTATIONS = YES;
				CLANG_WARN_DIRECT_OBJC_ISA_USAGE = YES_ERROR;
				CLANG_WARN_DOCUMENTATION_COMMENTS = YES;
				CLANG_WARN_EMPTY_BODY = YES;
				CLANG_WARN_ENUM_CONVERSION = YES;
				CLANG_WARN_INFINITE_RECURSION = YES;
				CLANG_WARN_INT_CONVERSION = YES;
				CLANG_WARN_NON_LITERAL_NULL_CONVERSION = YES;
				CLANG_WARN_OBJC_IMPLICIT_RETAIN_SELF = YES;
				CLANG_WARN_OBJC_LITERAL_CONVERSION = YES;
				CLANG_WARN_OBJC_ROOT_CLASS = YES_ERROR;
				CLANG_WARN_RANGE_LOOP_ANALYSIS = YES;
				CLANG_WARN_STRICT_PROTOTYPES = YES;
				CLANG_WARN_SUSPICIOUS_MOVE = YES;
				CLANG_WARN_UNGUARDED_AVAILABILITY = YES_AGGRESSIVE;
				CLANG_WARN_UNREACHABLE_CODE = YES;
				CLANG_WARN__DUPLICATE_METHOD_MATCH = YES;
				COPY_PHASE_STRIP = NO;
				DEBUG_INFORMATION_FORMAT = "dwarf-with-dsym";
				ENABLE_NS_ASSERTIONS = NO;
				ENABLE_STRICT_OBJC_MSGSEND = YES;
				GCC_C_LANGUAGE_STANDARD = gnu11;
				GCC_NO_COMMON_BLOCKS = YES;
				GCC_WARN_64_TO_32_BIT_CONVERSION = YES;
				GCC_WARN_ABOUT_RETURN_TYPE = YES_ERROR;
				GCC_WARN_UNDECLARED_SELECTOR = YES;
				GCC_WARN_UNINITIALIZED_AUTOS = YES_AGGRESSIVE;
				GCC_WARN_UNUSED_FUNCTION = YES;
				GCC_WARN_UNUSED_VARIABLE = YES;
				IPHONEOS_DEPLOYMENT_TARGET = 13.1;
				MTL_ENABLE_DEBUG_INFO = NO;
				MTL_FAST_MATH = YES;
				SDKROOT = iphoneos;
				SWIFT_COMPILATION_MODE = wholemodule;
				SWIFT_OPTIMIZATION_LEVEL = "-O";
				VALIDATE_PRODUCT = YES;
			};
			name = Release;
		};
		D5BA5651234FA8DB00548924 /* Debug */ = {
			isa = XCBuildConfiguration;
			baseConfigurationReference = C5CA5D70EA7987F929AF6320 /* Pods-Mano-Driver.debug.xcconfig */;
			buildSettings = {
				ASSETCATALOG_COMPILER_APPICON_NAME = AppIcon;
				CODE_SIGN_STYLE = Automatic;
				DEVELOPMENT_TEAM = DQ5CF8LT37;
				INFOPLIST_FILE = "Mano-Driver/Info.plist";
				LD_RUNPATH_SEARCH_PATHS = (
					"$(inherited)",
					"@executable_path/Frameworks",
				);
				PRODUCT_BUNDLE_IDENTIFIER = "Wauters.Mano-Driver";
				PRODUCT_NAME = "$(TARGET_NAME)";
				SWIFT_VERSION = 5.0;
				TARGETED_DEVICE_FAMILY = "1,2";
			};
			name = Debug;
		};
		D5BA5652234FA8DB00548924 /* Release */ = {
			isa = XCBuildConfiguration;
			baseConfigurationReference = F7BAB7CF36AE24F55B6CCDF9 /* Pods-Mano-Driver.release.xcconfig */;
			buildSettings = {
				ASSETCATALOG_COMPILER_APPICON_NAME = AppIcon;
				CODE_SIGN_STYLE = Automatic;
				DEVELOPMENT_TEAM = DQ5CF8LT37;
				INFOPLIST_FILE = "Mano-Driver/Info.plist";
				LD_RUNPATH_SEARCH_PATHS = (
					"$(inherited)",
					"@executable_path/Frameworks",
				);
				PRODUCT_BUNDLE_IDENTIFIER = "Wauters.Mano-Driver";
				PRODUCT_NAME = "$(TARGET_NAME)";
				SWIFT_VERSION = 5.0;
				TARGETED_DEVICE_FAMILY = "1,2";
			};
			name = Release;
		};
/* End XCBuildConfiguration section */

/* Begin XCConfigurationList section */
		D5BA5637234FA8D900548924 /* Build configuration list for PBXProject "Mano-Driver" */ = {
			isa = XCConfigurationList;
			buildConfigurations = (
				D5BA564E234FA8DB00548924 /* Debug */,
				D5BA564F234FA8DB00548924 /* Release */,
			);
			defaultConfigurationIsVisible = 0;
			defaultConfigurationName = Release;
		};
		D5BA5650234FA8DB00548924 /* Build configuration list for PBXNativeTarget "Mano-Driver" */ = {
			isa = XCConfigurationList;
			buildConfigurations = (
				D5BA5651234FA8DB00548924 /* Debug */,
				D5BA5652234FA8DB00548924 /* Release */,
			);
			defaultConfigurationIsVisible = 0;
			defaultConfigurationName = Release;
		};
/* End XCConfigurationList section */
	};
	rootObject = D5BA5634234FA8D900548924 /* Project object */;
}
